// !$*UTF8*$!
{
	archiveVersion = 1;
	classes = {
	};
	objectVersion = 50;
	objects = {

/* Begin PBXBuildFile section */
		EA05C80123D6756400C50457 /* appetize_testTests.swift in Sources */ = {isa = PBXBuildFile; fileRef = EA05C80023D6756400C50457 /* appetize_testTests.swift */; };
		EA78F5D223D669CA0041D8C8 /* AppDelegate.swift in Sources */ = {isa = PBXBuildFile; fileRef = EA78F5D123D669CA0041D8C8 /* AppDelegate.swift */; };
		EA78F5D423D669CA0041D8C8 /* SceneDelegate.swift in Sources */ = {isa = PBXBuildFile; fileRef = EA78F5D323D669CA0041D8C8 /* SceneDelegate.swift */; };
		EA78F5D623D669CA0041D8C8 /* ContentView.swift in Sources */ = {isa = PBXBuildFile; fileRef = EA78F5D523D669CA0041D8C8 /* ContentView.swift */; };
		EA78F5D823D669CA0041D8C8 /* Assets.xcassets in Resources */ = {isa = PBXBuildFile; fileRef = EA78F5D723D669CA0041D8C8 /* Assets.xcassets */; };
		EA78F5DB23D669CA0041D8C8 /* Preview Assets.xcassets in Resources */ = {isa = PBXBuildFile; fileRef = EA78F5DA23D669CA0041D8C8 /* Preview Assets.xcassets */; };
		EA78F5DE23D669CA0041D8C8 /* LaunchScreen.storyboard in Resources */ = {isa = PBXBuildFile; fileRef = EA78F5DC23D669CA0041D8C8 /* LaunchScreen.storyboard */; };
/* End PBXBuildFile section */

/* Begin PBXContainerItemProxy section */
		EA05C80323D6756400C50457 /* PBXContainerItemProxy */ = {
			isa = PBXContainerItemProxy;
			containerPortal = EA78F5C623D669CA0041D8C8 /* Project object */;
			proxyType = 1;
			remoteGlobalIDString = EA78F5CD23D669CA0041D8C8;
			remoteInfo = appetize_test;
		};
/* End PBXContainerItemProxy section */

/* Begin PBXFileReference section */
		EA05C7FE23D6756400C50457 /* appetize_testTests.xctest */ = {isa = PBXFileReference; explicitFileType = wrapper.cfbundle; includeInIndex = 0; path = appetize_testTests.xctest; sourceTree = BUILT_PRODUCTS_DIR; };
		EA05C80023D6756400C50457 /* appetize_testTests.swift */ = {isa = PBXFileReference; lastKnownFileType = sourcecode.swift; path = appetize_testTests.swift; sourceTree = "<group>"; };
		EA05C80223D6756400C50457 /* Info.plist */ = {isa = PBXFileReference; lastKnownFileType = text.plist.xml; path = Info.plist; sourceTree = "<group>"; };
		EA78F5CE23D669CA0041D8C8 /* appetize_test.app */ = {isa = PBXFileReference; explicitFileType = wrapper.application; includeInIndex = 0; path = appetize_test.app; sourceTree = BUILT_PRODUCTS_DIR; };
		EA78F5D123D669CA0041D8C8 /* AppDelegate.swift */ = {isa = PBXFileReference; lastKnownFileType = sourcecode.swift; path = AppDelegate.swift; sourceTree = "<group>"; };
		EA78F5D323D669CA0041D8C8 /* SceneDelegate.swift */ = {isa = PBXFileReference; lastKnownFileType = sourcecode.swift; path = SceneDelegate.swift; sourceTree = "<group>"; };
		EA78F5D523D669CA0041D8C8 /* ContentView.swift */ = {isa = PBXFileReference; lastKnownFileType = sourcecode.swift; path = ContentView.swift; sourceTree = "<group>"; };
		EA78F5D723D669CA0041D8C8 /* Assets.xcassets */ = {isa = PBXFileReference; lastKnownFileType = folder.assetcatalog; path = Assets.xcassets; sourceTree = "<group>"; };
		EA78F5DA23D669CA0041D8C8 /* Preview Assets.xcassets */ = {isa = PBXFileReference; lastKnownFileType = folder.assetcatalog; path = "Preview Assets.xcassets"; sourceTree = "<group>"; };
		EA78F5DD23D669CA0041D8C8 /* Base */ = {isa = PBXFileReference; lastKnownFileType = file.storyboard; name = Base; path = Base.lproj/LaunchScreen.storyboard; sourceTree = "<group>"; };
		EA78F5DF23D669CA0041D8C8 /* Info.plist */ = {isa = PBXFileReference; lastKnownFileType = text.plist.xml; path = Info.plist; sourceTree = "<group>"; };
/* End PBXFileReference section */

/* Begin PBXFrameworksBuildPhase section */
		EA05C7FB23D6756400C50457 /* Frameworks */ = {
			isa = PBXFrameworksBuildPhase;
			buildActionMask = 2147483647;
			files = (
			);
			runOnlyForDeploymentPostprocessing = 0;
		};
		EA78F5CB23D669CA0041D8C8 /* Frameworks */ = {
			isa = PBXFrameworksBuildPhase;
			buildActionMask = 2147483647;
			files = (
			);
			runOnlyForDeploymentPostprocessing = 0;
		};
/* End PBXFrameworksBuildPhase section */

/* Begin PBXGroup section */
		EA05C7FF23D6756400C50457 /* appetize_testTests */ = {
			isa = PBXGroup;
			children = (
				EA05C80023D6756400C50457 /* appetize_testTests.swift */,
				EA05C80223D6756400C50457 /* Info.plist */,
			);
			path = appetize_testTests;
			sourceTree = "<group>";
		};
		EA78F5C523D669CA0041D8C8 = {
			isa = PBXGroup;
			children = (
				EA78F5D023D669CA0041D8C8 /* appetize_test */,
				EA05C7FF23D6756400C50457 /* appetize_testTests */,
				EA78F5CF23D669CA0041D8C8 /* Products */,
			);
			sourceTree = "<group>";
		};
		EA78F5CF23D669CA0041D8C8 /* Products */ = {
			isa = PBXGroup;
			children = (
				EA78F5CE23D669CA0041D8C8 /* appetize_test.app */,
				EA05C7FE23D6756400C50457 /* appetize_testTests.xctest */,
			);
			name = Products;
			sourceTree = "<group>";
		};
		EA78F5D023D669CA0041D8C8 /* appetize_test */ = {
			isa = PBXGroup;
			children = (
				EA78F5D123D669CA0041D8C8 /* AppDelegate.swift */,
				EA78F5D323D669CA0041D8C8 /* SceneDelegate.swift */,
				EA78F5D523D669CA0041D8C8 /* ContentView.swift */,
				EA78F5D723D669CA0041D8C8 /* Assets.xcassets */,
				EA78F5DC23D669CA0041D8C8 /* LaunchScreen.storyboard */,
				EA78F5DF23D669CA0041D8C8 /* Info.plist */,
				EA78F5D923D669CA0041D8C8 /* Preview Content */,
			);
			path = appetize_test;
			sourceTree = "<group>";
		};
		EA78F5D923D669CA0041D8C8 /* Preview Content */ = {
			isa = PBXGroup;
			children = (
				EA78F5DA23D669CA0041D8C8 /* Preview Assets.xcassets */,
			);
			path = "Preview Content";
			sourceTree = "<group>";
		};
/* End PBXGroup section */

/* Begin PBXNativeTarget section */
		EA05C7FD23D6756400C50457 /* appetize_testTests */ = {
			isa = PBXNativeTarget;
			buildConfigurationList = EA05C80723D6756400C50457 /* Build configuration list for PBXNativeTarget "appetize_testTests" */;
			buildPhases = (
				EA05C7FA23D6756400C50457 /* Sources */,
				EA05C7FB23D6756400C50457 /* Frameworks */,
				EA05C7FC23D6756400C50457 /* Resources */,
			);
			buildRules = (
			);
			dependencies = (
				EA05C80423D6756400C50457 /* PBXTargetDependency */,
			);
			name = appetize_testTests;
			productName = appetize_testTests;
			productReference = EA05C7FE23D6756400C50457 /* appetize_testTests.xctest */;
			productType = "com.apple.product-type.bundle.unit-test";
		};
		EA78F5CD23D669CA0041D8C8 /* appetize_test */ = {
			isa = PBXNativeTarget;
			buildConfigurationList = EA78F5E223D669CA0041D8C8 /* Build configuration list for PBXNativeTarget "appetize_test" */;
			buildPhases = (
				EA78F5CA23D669CA0041D8C8 /* Sources */,
				EA78F5CB23D669CA0041D8C8 /* Frameworks */,
				EA78F5CC23D669CA0041D8C8 /* Resources */,
			);
			buildRules = (
			);
			dependencies = (
			);
			name = appetize_test;
			productName = appetize_test;
			productReference = EA78F5CE23D669CA0041D8C8 /* appetize_test.app */;
			productType = "com.apple.product-type.application";
		};
/* End PBXNativeTarget section */

/* Begin PBXProject section */
		EA78F5C623D669CA0041D8C8 /* Project object */ = {
			isa = PBXProject;
			attributes = {
				LastSwiftUpdateCheck = 1130;
				LastUpgradeCheck = 1130;
				ORGANIZATIONNAME = "Lucas Oliveira";
				TargetAttributes = {
					EA05C7FD23D6756400C50457 = {
						CreatedOnToolsVersion = 11.3.1;
						TestTargetID = EA78F5CD23D669CA0041D8C8;
					};
					EA78F5CD23D669CA0041D8C8 = {
						CreatedOnToolsVersion = 11.3.1;
					};
				};
			};
			buildConfigurationList = EA78F5C923D669CA0041D8C8 /* Build configuration list for PBXProject "appetize_test" */;
			compatibilityVersion = "Xcode 9.3";
			developmentRegion = en;
			hasScannedForEncodings = 0;
			knownRegions = (
				en,
				Base,
			);
			mainGroup = EA78F5C523D669CA0041D8C8;
			productRefGroup = EA78F5CF23D669CA0041D8C8 /* Products */;
			projectDirPath = "";
			projectRoot = "";
			targets = (
				EA78F5CD23D669CA0041D8C8 /* appetize_test */,
				EA05C7FD23D6756400C50457 /* appetize_testTests */,
			);
		};
/* End PBXProject section */

/* Begin PBXResourcesBuildPhase section */
		EA05C7FC23D6756400C50457 /* Resources */ = {
			isa = PBXResourcesBuildPhase;
			buildActionMask = 2147483647;
			files = (
			);
			runOnlyForDeploymentPostprocessing = 0;
		};
		EA78F5CC23D669CA0041D8C8 /* Resources */ = {
			isa = PBXResourcesBuildPhase;
			buildActionMask = 2147483647;
			files = (
				EA78F5DE23D669CA0041D8C8 /* LaunchScreen.storyboard in Resources */,
				EA78F5DB23D669CA0041D8C8 /* Preview Assets.xcassets in Resources */,
				EA78F5D823D669CA0041D8C8 /* Assets.xcassets in Resources */,
			);
			runOnlyForDeploymentPostprocessing = 0;
		};
/* End PBXResourcesBuildPhase section */

/* Begin PBXSourcesBuildPhase section */
		EA05C7FA23D6756400C50457 /* Sources */ = {
			isa = PBXSourcesBuildPhase;
			buildActionMask = 2147483647;
			files = (
				EA05C80123D6756400C50457 /* appetize_testTests.swift in Sources */,
			);
			runOnlyForDeploymentPostprocessing = 0;
		};
		EA78F5CA23D669CA0041D8C8 /* Sources */ = {
			isa = PBXSourcesBuildPhase;
			buildActionMask = 2147483647;
			files = (
				EA78F5D223D669CA0041D8C8 /* AppDelegate.swift in Sources */,
				EA78F5D423D669CA0041D8C8 /* SceneDelegate.swift in Sources */,
				EA78F5D623D669CA0041D8C8 /* ContentView.swift in Sources */,
			);
			runOnlyForDeploymentPostprocessing = 0;
		};
/* End PBXSourcesBuildPhase section */

/* Begin PBXTargetDependency section */
		EA05C80423D6756400C50457 /* PBXTargetDependency */ = {
			isa = PBXTargetDependency;
			target = EA78F5CD23D669CA0041D8C8 /* appetize_test */;
			targetProxy = EA05C80323D6756400C50457 /* PBXContainerItemProxy */;
		};
/* End PBXTargetDependency section */

/* Begin PBXVariantGroup section */
		EA78F5DC23D669CA0041D8C8 /* LaunchScreen.storyboard */ = {
			isa = PBXVariantGroup;
			children = (
				EA78F5DD23D669CA0041D8C8 /* Base */,
			);
			name = LaunchScreen.storyboard;
			sourceTree = "<group>";
		};
/* End PBXVariantGroup section */

/* Begin XCBuildConfiguration section */
		EA05C80523D6756400C50457 /* Debug */ = {
			isa = XCBuildConfiguration;
			buildSettings = {
				BUNDLE_LOADER = "$(TEST_HOST)";
				CODE_SIGN_STYLE = Automatic;
				DEVELOPMENT_TEAM = 7TXN395LVS;
				INFOPLIST_FILE = appetize_testTests/Info.plist;
				LD_RUNPATH_SEARCH_PATHS = (
					"$(inherited)",
					"@executable_path/Frameworks",
					"@loader_path/Frameworks",
				);
				PRODUCT_BUNDLE_IDENTIFIER = "com.lucas.dos.appetize-testTests";
				PRODUCT_NAME = "$(TARGET_NAME)";
				SWIFT_VERSION = 5.0;
				TARGETED_DEVICE_FAMILY = "1,2";
				TEST_HOST = "$(BUILT_PRODUCTS_DIR)/appetize_test.app/appetize_test";
			};
			name = Debug;
		};
		EA05C80623D6756400C50457 /* Release */ = {
			isa = XCBuildConfiguration;
			buildSettings = {
				BUNDLE_LOADER = "$(TEST_HOST)";
				CODE_SIGN_STYLE = Automatic;
				DEVELOPMENT_TEAM = 7TXN395LVS;
				INFOPLIST_FILE = appetize_testTests/Info.plist;
				LD_RUNPATH_SEARCH_PATHS = (
					"$(inherited)",
					"@executable_path/Frameworks",
					"@loader_path/Frameworks",
				);
				PRODUCT_BUNDLE_IDENTIFIER = "com.lucas.dos.appetize-testTests";
				PRODUCT_NAME = "$(TARGET_NAME)";
				SWIFT_VERSION = 5.0;
				TARGETED_DEVICE_FAMILY = "1,2";
				TEST_HOST = "$(BUILT_PRODUCTS_DIR)/appetize_test.app/appetize_test";
			};
			name = Release;
		};
		EA78F5E023D669CA0041D8C8 /* Debug */ = {
			isa = XCBuildConfiguration;
			buildSettings = {
				ALWAYS_SEARCH_USER_PATHS = NO;
				CLANG_ANALYZER_NONNULL = YES;
				CLANG_ANALYZER_NUMBER_OBJECT_CONVERSION = YES_AGGRESSIVE;
				CLANG_CXX_LANGUAGE_STANDARD = "gnu++14";
				CLANG_CXX_LIBRARY = "libc++";
				CLANG_ENABLE_MODULES = YES;
				CLANG_ENABLE_OBJC_ARC = YES;
				CLANG_ENABLE_OBJC_WEAK = YES;
				CLANG_WARN_BLOCK_CAPTURE_AUTORELEASING = YES;
				CLANG_WARN_BOOL_CONVERSION = YES;
				CLANG_WARN_COMMA = YES;
				CLANG_WARN_CONSTANT_CONVERSION = YES;
				CLANG_WARN_DEPRECATED_OBJC_IMPLEMENTATIONS = YES;
				CLANG_WARN_DIRECT_OBJC_ISA_USAGE = YES_ERROR;
				CLANG_WARN_DOCUMENTATION_COMMENTS = YES;
				CLANG_WARN_EMPTY_BODY = YES;
				CLANG_WARN_ENUM_CONVERSION = YES;
				CLANG_WARN_INFINITE_RECURSION = YES;
				CLANG_WARN_INT_CONVERSION = YES;
				CLANG_WARN_NON_LITERAL_NULL_CONVERSION = YES;
				CLANG_WARN_OBJC_IMPLICIT_RETAIN_SELF = YES;
				CLANG_WARN_OBJC_LITERAL_CONVERSION = YES;
				CLANG_WARN_OBJC_ROOT_CLASS = YES_ERROR;
				CLANG_WARN_RANGE_LOOP_ANALYSIS = YES;
				CLANG_WARN_STRICT_PROTOTYPES = YES;
				CLANG_WARN_SUSPICIOUS_MOVE = YES;
				CLANG_WARN_UNGUARDED_AVAILABILITY = YES_AGGRESSIVE;
				CLANG_WARN_UNREACHABLE_CODE = YES;
				CLANG_WARN__DUPLICATE_METHOD_MATCH = YES;
				COPY_PHASE_STRIP = NO;
				DEBUG_INFORMATION_FORMAT = dwarf;
				ENABLE_STRICT_OBJC_MSGSEND = YES;
				ENABLE_TESTABILITY = YES;
				GCC_C_LANGUAGE_STANDARD = gnu11;
				GCC_DYNAMIC_NO_PIC = NO;
				GCC_NO_COMMON_BLOCKS = YES;
				GCC_OPTIMIZATION_LEVEL = 0;
				GCC_PREPROCESSOR_DEFINITIONS = (
					"DEBUG=1",
					"$(inherited)",
				);
				GCC_WARN_64_TO_32_BIT_CONVERSION = YES;
				GCC_WARN_ABOUT_RETURN_TYPE = YES_ERROR;
				GCC_WARN_UNDECLARED_SELECTOR = YES;
				GCC_WARN_UNINITIALIZED_AUTOS = YES_AGGRESSIVE;
				GCC_WARN_UNUSED_FUNCTION = YES;
				GCC_WARN_UNUSED_VARIABLE = YES;
				IPHONEOS_DEPLOYMENT_TARGET = 13.2;
				MTL_ENABLE_DEBUG_INFO = INCLUDE_SOURCE;
				MTL_FAST_MATH = YES;
				ONLY_ACTIVE_ARCH = YES;
				SDKROOT = iphoneos;
				SWIFT_ACTIVE_COMPILATION_CONDITIONS = DEBUG;
				SWIFT_OPTIMIZATION_LEVEL = "-Onone";
			};
			name = Debug;
		};
		EA78F5E123D669CA0041D8C8 /* Release */ = {
			isa = XCBuildConfiguration;
			buildSettings = {
				ALWAYS_SEARCH_USER_PATHS = NO;
				CLANG_ANALYZER_NONNULL = YES;
				CLANG_ANALYZER_NUMBER_OBJECT_CONVERSION = YES_AGGRESSIVE;
				CLANG_CXX_LANGUAGE_STANDARD = "gnu++14";
				CLANG_CXX_LIBRARY = "libc++";
				CLANG_ENABLE_MODULES = YES;
				CLANG_ENABLE_OBJC_ARC = YES;
				CLANG_ENABLE_OBJC_WEAK = YES;
				CLANG_WARN_BLOCK_CAPTURE_AUTORELEASING = YES;
				CLANG_WARN_BOOL_CONVERSION = YES;
				CLANG_WARN_COMMA = YES;
				CLANG_WARN_CONSTANT_CONVERSION = YES;
				CLANG_WARN_DEPRECATED_OBJC_IMPLEMENTATIONS = YES;
				CLANG_WARN_DIRECT_OBJC_ISA_USAGE = YES_ERROR;
				CLANG_WARN_DOCUMENTATION_COMMENTS = YES;
				CLANG_WARN_EMPTY_BODY = YES;
				CLANG_WARN_ENUM_CONVERSION = YES;
				CLANG_WARN_INFINITE_RECURSION = YES;
				CLANG_WARN_INT_CONVERSION = YES;
				CLANG_WARN_NON_LITERAL_NULL_CONVERSION = YES;
				CLANG_WARN_OBJC_IMPLICIT_RETAIN_SELF = YES;
				CLANG_WARN_OBJC_LITERAL_CONVERSION = YES;
				CLANG_WARN_OBJC_ROOT_CLASS = YES_ERROR;
				CLANG_WARN_RANGE_LOOP_ANALYSIS = YES;
				CLANG_WARN_STRICT_PROTOTYPES = YES;
				CLANG_WARN_SUSPICIOUS_MOVE = YES;
				CLANG_WARN_UNGUARDED_AVAILABILITY = YES_AGGRESSIVE;
				CLANG_WARN_UNREACHABLE_CODE = YES;
				CLANG_WARN__DUPLICATE_METHOD_MATCH = YES;
				COPY_PHASE_STRIP = NO;
				DEBUG_INFORMATION_FORMAT = "dwarf-with-dsym";
				ENABLE_NS_ASSERTIONS = NO;
				ENABLE_STRICT_OBJC_MSGSEND = YES;
				GCC_C_LANGUAGE_STANDARD = gnu11;
				GCC_NO_COMMON_BLOCKS = YES;
				GCC_WARN_64_TO_32_BIT_CONVERSION = YES;
				GCC_WARN_ABOUT_RETURN_TYPE = YES_ERROR;
				GCC_WARN_UNDECLARED_SELECTOR = YES;
				GCC_WARN_UNINITIALIZED_AUTOS = YES_AGGRESSIVE;
				GCC_WARN_UNUSED_FUNCTION = YES;
				GCC_WARN_UNUSED_VARIABLE = YES;
				IPHONEOS_DEPLOYMENT_TARGET = 13.2;
				MTL_ENABLE_DEBUG_INFO = NO;
				MTL_FAST_MATH = YES;
				SDKROOT = iphoneos;
				SWIFT_COMPILATION_MODE = wholemodule;
				SWIFT_OPTIMIZATION_LEVEL = "-O";
				VALIDATE_PRODUCT = YES;
			};
			name = Release;
		};
		EA78F5E323D669CA0041D8C8 /* Debug */ = {
			isa = XCBuildConfiguration;
			buildSettings = {
				ASSETCATALOG_COMPILER_APPICON_NAME = AppIcon;
				CODE_SIGN_STYLE = Automatic;
				DEVELOPMENT_ASSET_PATHS = "\"appetize_test/Preview Content\"";
				DEVELOPMENT_TEAM = 7TXN395LVS;
				ENABLE_PREVIEWS = YES;
				INFOPLIST_FILE = appetize_test/Info.plist;
				LD_RUNPATH_SEARCH_PATHS = (
					"$(inherited)",
					"@executable_path/Frameworks",
				);
				PRODUCT_BUNDLE_IDENTIFIER = "com.lucas.dos.appetize-test";
				PRODUCT_NAME = "$(TARGET_NAME)";
				SWIFT_VERSION = 5.0;
				TARGETED_DEVICE_FAMILY = "1,2";
			};
			name = Debug;
		};
		EA78F5E423D669CA0041D8C8 /* Release */ = {
			isa = XCBuildConfiguration;
			buildSettings = {
				ASSETCATALOG_COMPILER_APPICON_NAME = AppIcon;
				CODE_SIGN_STYLE = Automatic;
				DEVELOPMENT_ASSET_PATHS = "\"appetize_test/Preview Content\"";
				DEVELOPMENT_TEAM = 7TXN395LVS;
				ENABLE_PREVIEWS = YES;
				INFOPLIST_FILE = appetize_test/Info.plist;
				LD_RUNPATH_SEARCH_PATHS = (
					"$(inherited)",
					"@executable_path/Frameworks",
				);
				PRODUCT_BUNDLE_IDENTIFIER = "com.lucas.dos.appetize-test";
				PRODUCT_NAME = "$(TARGET_NAME)";
				SWIFT_VERSION = 5.0;
				TARGETED_DEVICE_FAMILY = "1,2";
			};
			name = Release;
		};
/* End XCBuildConfiguration section */

/* Begin XCConfigurationList section */
		EA05C80723D6756400C50457 /* Build configuration list for PBXNativeTarget "appetize_testTests" */ = {
			isa = XCConfigurationList;
			buildConfigurations = (
				EA05C80523D6756400C50457 /* Debug */,
				EA05C80623D6756400C50457 /* Release */,
			);
			defaultConfigurationIsVisible = 0;
			defaultConfigurationName = Release;
		};
		EA78F5C923D669CA0041D8C8 /* Build configuration list for PBXProject "appetize_test" */ = {
			isa = XCConfigurationList;
			buildConfigurations = (
				EA78F5E023D669CA0041D8C8 /* Debug */,
				EA78F5E123D669CA0041D8C8 /* Release */,
			);
			defaultConfigurationIsVisible = 0;
			defaultConfigurationName = Release;
		};
		EA78F5E223D669CA0041D8C8 /* Build configuration list for PBXNativeTarget "appetize_test" */ = {
			isa = XCConfigurationList;
			buildConfigurations = (
				EA78F5E323D669CA0041D8C8 /* Debug */,
				EA78F5E423D669CA0041D8C8 /* Release */,
			);
			defaultConfigurationIsVisible = 0;
			defaultConfigurationName = Release;
		};
/* End XCConfigurationList section */
	};
	rootObject = EA78F5C623D669CA0041D8C8 /* Project object */;
}
